
Microsoft Visual Studio Solution File, Format Version 12.00
Project("{2150E333-8FDC-42A3-9474-1A3956D46DE8}") = "src", "src", "{7A3103E2-DF79-4BFA-A764-25804B1BFFFE}"
EndProject
Project("{2150E333-8FDC-42A3-9474-1A3956D46DE8}") = "Entities", "Entities", "{9C2075C4-BAC3-4C34-9483-79A79532C7F9}"
EndProject
Project("{FAE04EC0-301F-11D3-BF4B-00C04F79EFBC}") = "Boatman.Entities", "src\Entities\Boatman.Entities\Boatman.Entities.csproj", "{D33E25C6-A9D6-4B82-AB01-BDE831574648}"
EndProject
Project("{2150E333-8FDC-42A3-9474-1A3956D46DE8}") = "tests", "tests", "{FAE861CF-284B-4099-A9BD-75C87ED5303A}"
EndProject
Project("{FAE04EC0-301F-11D3-BF4B-00C04F79EFBC}") = "Boatman.UnitTests", "tests\Boatman.UnitTests\Boatman.UnitTests.csproj", "{DAD238DD-A787-4DB0-B4DE-576E92705ABD}"
EndProject
Project("{2150E333-8FDC-42A3-9474-1A3956D46DE8}") = "Interfaces", "Interfaces", "{89ECFAA6-34E1-4D70-B6CD-A8F5C6321C17}"
EndProject
Project("{FAE04EC0-301F-11D3-BF4B-00C04F79EFBC}") = "Boatman.DataAccess.Domain.Interfaces", "src\Interfaces\Boatman.DataAccess.Domain.Interfaces\Boatman.DataAccess.Domain.Interfaces.csproj", "{24AF2A67-440E-4D0D-8DB3-94D883F64D07}"
EndProject
Project("{2150E333-8FDC-42A3-9474-1A3956D46DE8}") = "Implementations", "Implementations", "{53D04F98-5ADB-4692-AA9C-7DAE60DD66D1}"
EndProject
Project("{FAE04EC0-301F-11D3-BF4B-00C04F79EFBC}") = "Boatman.DataAccess.Domain.Implementations", "src\Implementations\Boatman.DataAccess.Domain.Implementations\Boatman.DataAccess.Domain.Implementations.csproj", "{5B1E6DF7-ADAD-4D3C-AAD4-E10A08B1C51E}"
EndProject
Project("{2150E333-8FDC-42A3-9474-1A3956D46DE8}") = "UseCases", "UseCases", "{B082BB2A-AAF6-4983-B09C-22FA947B4262}"
EndProject
Project("{FAE04EC0-301F-11D3-BF4B-00C04F79EFBC}") = "Boatman.WebHost", "src\Boatman.WebHost\Boatman.WebHost.csproj", "{3C9A4F35-8078-49F0-BC36-B22C2D9B3BE9}"
EndProject
Project("{FAE04EC0-301F-11D3-BF4B-00C04F79EFBC}") = "Boatman.DataAccess.Identity.Implementations", "src\Implementations\Boatman.DataAccess.Identity.Implementations\Boatman.DataAccess.Identity.Implementations.csproj", "{941559C9-B28E-4566-B5A4-39F7B57570F5}"
EndProject
Project("{FAE04EC0-301F-11D3-BF4B-00C04F79EFBC}") = "Boatman.OwnerApi.UseCases", "src\UseCases\Boatman.OwnerApi.UseCases\Boatman.OwnerApi.UseCases.csproj", "{490CBFE6-9B88-45D5-87A2-E8E39C1E6254}"
EndProject
Project("{2150E333-8FDC-42A3-9474-1A3956D46DE8}") = "Controllers", "Controllers", "{8D6CDAD4-80E8-47C0-AFBC-8878E0442D8A}"
EndProject
Project("{FAE04EC0-301F-11D3-BF4B-00C04F79EFBC}") = "Boatman.OwnerApi.Controllers", "src\Controllers\Boatman.OwnerApi.Controllers\Boatman.OwnerApi.Controllers.csproj", "{BB551193-BDF0-424A-B2FC-95C37456D102}"
EndProject
Project("{FAE04EC0-301F-11D3-BF4B-00C04F79EFBC}") = "Boatman.AuthApi.JwtBearer.UseCases", "src\UseCases\Boatman.AuthApi.JwtBearer.UseCases\Boatman.AuthApi.JwtBearer.UseCases.csproj", "{A3CFF6F7-6EC3-4B3C-B981-F791B4210336}"
EndProject
Project("{FAE04EC0-301F-11D3-BF4B-00C04F79EFBC}") = "Boatman.AuthApi.JwtBearer.Controllers", "src\Controllers\Boatman.AuthApi.JwtBearer.Controllers\Boatman.AuthApi.JwtBearer.Controllers.csproj", "{3240323D-F982-49FB-AD61-A6C573778FD9}"
EndProject
Project("{FAE04EC0-301F-11D3-BF4B-00C04F79EFBC}") = "Boatman.TokenService.Interfaces", "src\Interfaces\Boatman.TokenService.Interfaces\Boatman.TokenService.Interfaces.csproj", "{96D870E4-63A9-4751-A9D9-7321B4A62792}"
EndProject
Project("{FAE04EC0-301F-11D3-BF4B-00C04F79EFBC}") = "Boatman.TokenService.Implementations", "src\Implementations\Boatman.TokenService.Implementations\Boatman.TokenService.Implementations.csproj", "{AF8C9BC9-3D65-4936-B393-F384527EC1C0}"
EndProject
Project("{FAE04EC0-301F-11D3-BF4B-00C04F79EFBC}") = "Boatman.DataAccess.Identity.Interfaces", "src\Interfaces\Boatman.DataAccess.Identity.Interfaces\Boatman.DataAccess.Identity.Interfaces.csproj", "{1664C3D0-89D7-474A-AC08-0E14D6525501}"
EndProject
Global
	GlobalSection(SolutionConfigurationPlatforms) = preSolution
		Debug|Any CPU = Debug|Any CPU
		Release|Any CPU = Release|Any CPU
	EndGlobalSection
	GlobalSection(NestedProjects) = preSolution
		{9C2075C4-BAC3-4C34-9483-79A79532C7F9} = {7A3103E2-DF79-4BFA-A764-25804B1BFFFE}
		{D33E25C6-A9D6-4B82-AB01-BDE831574648} = {9C2075C4-BAC3-4C34-9483-79A79532C7F9}
		{DAD238DD-A787-4DB0-B4DE-576E92705ABD} = {FAE861CF-284B-4099-A9BD-75C87ED5303A}
		{89ECFAA6-34E1-4D70-B6CD-A8F5C6321C17} = {7A3103E2-DF79-4BFA-A764-25804B1BFFFE}
		{24AF2A67-440E-4D0D-8DB3-94D883F64D07} = {89ECFAA6-34E1-4D70-B6CD-A8F5C6321C17}
		{53D04F98-5ADB-4692-AA9C-7DAE60DD66D1} = {7A3103E2-DF79-4BFA-A764-25804B1BFFFE}
		{5B1E6DF7-ADAD-4D3C-AAD4-E10A08B1C51E} = {53D04F98-5ADB-4692-AA9C-7DAE60DD66D1}
		{B082BB2A-AAF6-4983-B09C-22FA947B4262} = {7A3103E2-DF79-4BFA-A764-25804B1BFFFE}
		{3C9A4F35-8078-49F0-BC36-B22C2D9B3BE9} = {7A3103E2-DF79-4BFA-A764-25804B1BFFFE}
		{941559C9-B28E-4566-B5A4-39F7B57570F5} = {53D04F98-5ADB-4692-AA9C-7DAE60DD66D1}
		{490CBFE6-9B88-45D5-87A2-E8E39C1E6254} = {B082BB2A-AAF6-4983-B09C-22FA947B4262}
		{8D6CDAD4-80E8-47C0-AFBC-8878E0442D8A} = {7A3103E2-DF79-4BFA-A764-25804B1BFFFE}
		{BB551193-BDF0-424A-B2FC-95C37456D102} = {8D6CDAD4-80E8-47C0-AFBC-8878E0442D8A}
		{A3CFF6F7-6EC3-4B3C-B981-F791B4210336} = {B082BB2A-AAF6-4983-B09C-22FA947B4262}
		{3240323D-F982-49FB-AD61-A6C573778FD9} = {8D6CDAD4-80E8-47C0-AFBC-8878E0442D8A}
		{96D870E4-63A9-4751-A9D9-7321B4A62792} = {89ECFAA6-34E1-4D70-B6CD-A8F5C6321C17}
		{AF8C9BC9-3D65-4936-B393-F384527EC1C0} = {53D04F98-5ADB-4692-AA9C-7DAE60DD66D1}
		{1664C3D0-89D7-474A-AC08-0E14D6525501} = {89ECFAA6-34E1-4D70-B6CD-A8F5C6321C17}
	EndGlobalSection
	GlobalSection(ProjectConfigurationPlatforms) = postSolution
		{D33E25C6-A9D6-4B82-AB01-BDE831574648}.Debug|Any CPU.ActiveCfg = Debug|Any CPU
		{D33E25C6-A9D6-4B82-AB01-BDE831574648}.Debug|Any CPU.Build.0 = Debug|Any CPU
		{D33E25C6-A9D6-4B82-AB01-BDE831574648}.Release|Any CPU.ActiveCfg = Release|Any CPU
		{D33E25C6-A9D6-4B82-AB01-BDE831574648}.Release|Any CPU.Build.0 = Release|Any CPU
		{DAD238DD-A787-4DB0-B4DE-576E92705ABD}.Debug|Any CPU.ActiveCfg = Debug|Any CPU
		{DAD238DD-A787-4DB0-B4DE-576E92705ABD}.Debug|Any CPU.Build.0 = Debug|Any CPU
		{DAD238DD-A787-4DB0-B4DE-576E92705ABD}.Release|Any CPU.ActiveCfg = Release|Any CPU
		{DAD238DD-A787-4DB0-B4DE-576E92705ABD}.Release|Any CPU.Build.0 = Release|Any CPU
		{24AF2A67-440E-4D0D-8DB3-94D883F64D07}.Debug|Any CPU.ActiveCfg = Debug|Any CPU
		{24AF2A67-440E-4D0D-8DB3-94D883F64D07}.Debug|Any CPU.Build.0 = Debug|Any CPU
		{24AF2A67-440E-4D0D-8DB3-94D883F64D07}.Release|Any CPU.ActiveCfg = Release|Any CPU
		{24AF2A67-440E-4D0D-8DB3-94D883F64D07}.Release|Any CPU.Build.0 = Release|Any CPU
		{5B1E6DF7-ADAD-4D3C-AAD4-E10A08B1C51E}.Debug|Any CPU.ActiveCfg = Debug|Any CPU
		{5B1E6DF7-ADAD-4D3C-AAD4-E10A08B1C51E}.Debug|Any CPU.Build.0 = Debug|Any CPU
		{5B1E6DF7-ADAD-4D3C-AAD4-E10A08B1C51E}.Release|Any CPU.ActiveCfg = Release|Any CPU
		{5B1E6DF7-ADAD-4D3C-AAD4-E10A08B1C51E}.Release|Any CPU.Build.0 = Release|Any CPU
		{3C9A4F35-8078-49F0-BC36-B22C2D9B3BE9}.Debug|Any CPU.ActiveCfg = Debug|Any CPU
		{3C9A4F35-8078-49F0-BC36-B22C2D9B3BE9}.Debug|Any CPU.Build.0 = Debug|Any CPU
		{3C9A4F35-8078-49F0-BC36-B22C2D9B3BE9}.Release|Any CPU.ActiveCfg = Release|Any CPU
		{3C9A4F35-8078-49F0-BC36-B22C2D9B3BE9}.Release|Any CPU.Build.0 = Release|Any CPU
		{941559C9-B28E-4566-B5A4-39F7B57570F5}.Debug|Any CPU.ActiveCfg = Debug|Any CPU
		{941559C9-B28E-4566-B5A4-39F7B57570F5}.Debug|Any CPU.Build.0 = Debug|Any CPU
		{941559C9-B28E-4566-B5A4-39F7B57570F5}.Release|Any CPU.ActiveCfg = Release|Any CPU
		{941559C9-B28E-4566-B5A4-39F7B57570F5}.Release|Any CPU.Build.0 = Release|Any CPU
		{490CBFE6-9B88-45D5-87A2-E8E39C1E6254}.Debug|Any CPU.ActiveCfg = Debug|Any CPU
		{490CBFE6-9B88-45D5-87A2-E8E39C1E6254}.Debug|Any CPU.Build.0 = Debug|Any CPU
		{490CBFE6-9B88-45D5-87A2-E8E39C1E6254}.Release|Any CPU.ActiveCfg = Release|Any CPU
		{490CBFE6-9B88-45D5-87A2-E8E39C1E6254}.Release|Any CPU.Build.0 = Release|Any CPU
		{BB551193-BDF0-424A-B2FC-95C37456D102}.Debug|Any CPU.ActiveCfg = Debug|Any CPU
		{BB551193-BDF0-424A-B2FC-95C37456D102}.Debug|Any CPU.Build.0 = Debug|Any CPU
		{BB551193-BDF0-424A-B2FC-95C37456D102}.Release|Any CPU.ActiveCfg = Release|Any CPU
		{BB551193-BDF0-424A-B2FC-95C37456D102}.Release|Any CPU.Build.0 = Release|Any CPU
		{A3CFF6F7-6EC3-4B3C-B981-F791B4210336}.Debug|Any CPU.ActiveCfg = Debug|Any CPU
		{A3CFF6F7-6EC3-4B3C-B981-F791B4210336}.Debug|Any CPU.Build.0 = Debug|Any CPU
		{A3CFF6F7-6EC3-4B3C-B981-F791B4210336}.Release|Any CPU.ActiveCfg = Release|Any CPU
		{A3CFF6F7-6EC3-4B3C-B981-F791B4210336}.Release|Any CPU.Build.0 = Release|Any CPU
		{3240323D-F982-49FB-AD61-A6C573778FD9}.Debug|Any CPU.ActiveCfg = Debug|Any CPU
		{3240323D-F982-49FB-AD61-A6C573778FD9}.Debug|Any CPU.Build.0 = Debug|Any CPU
		{3240323D-F982-49FB-AD61-A6C573778FD9}.Release|Any CPU.ActiveCfg = Release|Any CPU
		{3240323D-F982-49FB-AD61-A6C573778FD9}.Release|Any CPU.Build.0 = Release|Any CPU
		{96D870E4-63A9-4751-A9D9-7321B4A62792}.Debug|Any CPU.ActiveCfg = Debug|Any CPU
		{96D870E4-63A9-4751-A9D9-7321B4A62792}.Debug|Any CPU.Build.0 = Debug|Any CPU
		{96D870E4-63A9-4751-A9D9-7321B4A62792}.Release|Any CPU.ActiveCfg = Release|Any CPU
		{96D870E4-63A9-4751-A9D9-7321B4A62792}.Release|Any CPU.Build.0 = Release|Any CPU
		{AF8C9BC9-3D65-4936-B393-F384527EC1C0}.Debug|Any CPU.ActiveCfg = Debug|Any CPU
		{AF8C9BC9-3D65-4936-B393-F384527EC1C0}.Debug|Any CPU.Build.0 = Debug|Any CPU
		{AF8C9BC9-3D65-4936-B393-F384527EC1C0}.Release|Any CPU.ActiveCfg = Release|Any CPU
		{AF8C9BC9-3D65-4936-B393-F384527EC1C0}.Release|Any CPU.Build.0 = Release|Any CPU
		{1664C3D0-89D7-474A-AC08-0E14D6525501}.Debug|Any CPU.ActiveCfg = Debug|Any CPU
		{1664C3D0-89D7-474A-AC08-0E14D6525501}.Debug|Any CPU.Build.0 = Debug|Any CPU
		{1664C3D0-89D7-474A-AC08-0E14D6525501}.Release|Any CPU.ActiveCfg = Release|Any CPU
		{1664C3D0-89D7-474A-AC08-0E14D6525501}.Release|Any CPU.Build.0 = Release|Any CPU
	EndGlobalSection
EndGlobal
