
Microsoft Visual Studio Solution File, Format Version 12.00
Project("{2150E333-8FDC-42A3-9474-1A3956D46DE8}") = "src", "src", "{7A3103E2-DF79-4BFA-A764-25804B1BFFFE}"
EndProject
Project("{2150E333-8FDC-42A3-9474-1A3956D46DE8}") = "Entities", "Entities", "{9C2075C4-BAC3-4C34-9483-79A79532C7F9}"
EndProject
Project("{FAE04EC0-301F-11D3-BF4B-00C04F79EFBC}") = "Boatman.Entities", "src\Entities\Boatman.Entities\Boatman.Entities.csproj", "{D33E25C6-A9D6-4B82-AB01-BDE831574648}"
EndProject
Project("{2150E333-8FDC-42A3-9474-1A3956D46DE8}") = "tests", "tests", "{FAE861CF-284B-4099-A9BD-75C87ED5303A}"
EndProject
Project("{FAE04EC0-301F-11D3-BF4B-00C04F79EFBC}") = "Boatman.UnitTests", "tests\Boatman.UnitTests\Boatman.UnitTests.csproj", "{DAD238DD-A787-4DB0-B4DE-576E92705ABD}"
EndProject
Project("{2150E333-8FDC-42A3-9474-1A3956D46DE8}") = "Interfaces", "Interfaces", "{89ECFAA6-34E1-4D70-B6CD-A8F5C6321C17}"
EndProject
Project("{FAE04EC0-301F-11D3-BF4B-00C04F79EFBC}") = "Boatman.DataAccess.Domain.Interfaces", "src\Interfaces\Boatman.DataAccess.Domain.Interfaces\Boatman.DataAccess.Domain.Interfaces.csproj", "{24AF2A67-440E-4D0D-8DB3-94D883F64D07}"
EndProject
Project("{2150E333-8FDC-42A3-9474-1A3956D46DE8}") = "Implementations", "Implementations", "{53D04F98-5ADB-4692-AA9C-7DAE60DD66D1}"
EndProject
Project("{FAE04EC0-301F-11D3-BF4B-00C04F79EFBC}") = "Boatman.DataAccess.Domain.Implementations", "src\Implementations\Boatman.DataAccess.Domain.Implementations\Boatman.DataAccess.Domain.Implementations.csproj", "{5B1E6DF7-ADAD-4D3C-AAD4-E10A08B1C51E}"
EndProject
Project("{2150E333-8FDC-42A3-9474-1A3956D46DE8}") = "UseCases", "UseCases", "{B082BB2A-AAF6-4983-B09C-22FA947B4262}"
EndProject
Project("{FAE04EC0-301F-11D3-BF4B-00C04F79EFBC}") = "Boatman.WebHost", "src\Boatman.WebHost\Boatman.WebHost.csproj", "{3C9A4F35-8078-49F0-BC36-B22C2D9B3BE9}"
EndProject
Project("{FAE04EC0-301F-11D3-BF4B-00C04F79EFBC}") = "Boatman.DataAccess.Identity.Implementations", "src\Implementations\Boatman.DataAccess.Identity.Implementations\Boatman.DataAccess.Identity.Implementations.csproj", "{941559C9-B28E-4566-B5A4-39F7B57570F5}"
EndProject
Project("{FAE04EC0-301F-11D3-BF4B-00C04F79EFBC}") = "Boatman.OwnerApi.UseCases", "src\UseCases\Boatman.OwnerApi.UseCases\Boatman.OwnerApi.UseCases.csproj", "{490CBFE6-9B88-45D5-87A2-E8E39C1E6254}"
EndProject
Project("{2150E333-8FDC-42A3-9474-1A3956D46DE8}") = "Controllers", "Controllers", "{8D6CDAD4-80E8-47C0-AFBC-8878E0442D8A}"
EndProject
Project("{FAE04EC0-301F-11D3-BF4B-00C04F79EFBC}") = "Boatman.OwnerApi.Controllers", "src\Controllers\Boatman.OwnerApi.Controllers\Boatman.OwnerApi.Controllers.csproj", "{BB551193-BDF0-424A-B2FC-95C37456D102}"
EndProject
Project("{FAE04EC0-301F-11D3-BF4B-00C04F79EFBC}") = "Boatman.DataAccess.Identity.Interfaces", "src\Interfaces\Boatman.DataAccess.Identity.Interfaces\Boatman.DataAccess.Identity.Interfaces.csproj", "{1664C3D0-89D7-474A-AC08-0E14D6525501}"
EndProject
Project("{2150E333-8FDC-42A3-9474-1A3956D46DE8}") = "Utils", "Utils", "{CF76F3A9-D178-441D-AF42-56A0E0FB9656}"
EndProject
Project("{FAE04EC0-301F-11D3-BF4B-00C04F79EFBC}") = "Boatman.Utils", "src\Utils\Boatman.Utils\Boatman.Utils.csproj", "{24AF4E8F-90A1-439D-BE12-21F5772DC0F6}"
EndProject
Project("{FAE04EC0-301F-11D3-BF4B-00C04F79EFBC}") = "Boatman.Caching.Interfaces", "src\Interfaces\Boatman.Caching.Interfaces\Boatman.Caching.Interfaces.csproj", "{CEC0BDA7-E360-424F-B4F9-FABFA1CAB580}"
EndProject
Project("{FAE04EC0-301F-11D3-BF4B-00C04F79EFBC}") = "Boatman.Logging.Interfaces", "src\Interfaces\Boatman.Logging.Interfaces\Boatman.Logging.Interfaces.csproj", "{D4983369-D418-42C6-9869-7A4BBEF79A73}"
EndProject
Project("{FAE04EC0-301F-11D3-BF4B-00C04F79EFBC}") = "Boatman.BlobStorage.Interfaces", "src\Interfaces\Boatman.BlobStorage.Interfaces\Boatman.BlobStorage.Interfaces.csproj", "{D4B9781F-FBBE-410D-98FD-3C05E84C9ACB}"
EndProject
Project("{FAE04EC0-301F-11D3-BF4B-00C04F79EFBC}") = "Boatman.Emailing.Interfaces", "src\Interfaces\Boatman.Emailing.Interfaces\Boatman.Emailing.Interfaces.csproj", "{ECE183FA-AD4E-4D8A-A9A3-427296324D93}"
EndProject
Project("{FAE04EC0-301F-11D3-BF4B-00C04F79EFBC}") = "Boatman.Emailing.Implementations", "src\Implementations\Boatman.Emailing.Implementations\Boatman.Emailing.Implementations.csproj", "{9ADD4A25-35A0-432B-AC23-DE63ED4914C2}"
EndProject
Project("{FAE04EC0-301F-11D3-BF4B-00C04F79EFBC}") = "Boatman.BlobStorage.Implementations", "src\Implementations\Boatman.BlobStorage.Implementations\Boatman.BlobStorage.Implementations.csproj", "{606D3B60-AA85-4A6E-B2A4-5D514E8770D4}"
EndProject
Project("{FAE04EC0-301F-11D3-BF4B-00C04F79EFBC}") = "Boatman.Logging.Implementations", "src\Implementations\Boatman.Logging.Implementations\Boatman.Logging.Implementations.csproj", "{623BDA34-E9EF-4D5F-99F1-32A5D3C5D0E3}"
EndProject
Project("{FAE04EC0-301F-11D3-BF4B-00C04F79EFBC}") = "Boatman.Caching.Implementations", "src\Implementations\Boatman.Caching.Implementations\Boatman.Caching.Implementations.csproj", "{E9C92689-5E86-4712-B50D-AD04A8057674}"
EndProject
Project("{FAE04EC0-301F-11D3-BF4B-00C04F79EFBC}") = "Boatman.CustomerApi.UseCases", "src\UseCases\Boatman.CustomerApi.UseCases\Boatman.CustomerApi.UseCases.csproj", "{EA7EE670-44AC-4C0E-BE5A-A75510377893}"
EndProject
Project("{FAE04EC0-301F-11D3-BF4B-00C04F79EFBC}") = "Boatman.PublicApi.UseCases", "src\UseCases\Boatman.PublicApi.UseCases\Boatman.PublicApi.UseCases.csproj", "{846CFA53-328E-4699-9866-4B38A39A471C}"
EndProject
Project("{FAE04EC0-301F-11D3-BF4B-00C04F79EFBC}") = "Boatman.CustomerApi.Controllers", "src\Controllers\Boatman.CustomerApi.Controllers\Boatman.CustomerApi.Controllers.csproj", "{18F07658-D5A7-421B-9639-DE0DD7C35F89}"
EndProject
Project("{FAE04EC0-301F-11D3-BF4B-00C04F79EFBC}") = "Boatman.AuthApi.UseCases", "src\UseCases\Boatman.AuthApi.UseCases\Boatman.AuthApi.UseCases.csproj", "{4A27EAD1-F011-4D0C-950E-D786BCD7EF49}"
EndProject
Project("{FAE04EC0-301F-11D3-BF4B-00C04F79EFBC}") = "Boatman.AuthApi.Controllers", "src\Controllers\Boatman.AuthApi.Controllers\Boatman.AuthApi.Controllers.csproj", "{64922B40-AA69-4968-8DB7-8B206EBF57CE}"
EndProject
Global
	GlobalSection(SolutionConfigurationPlatforms) = preSolution
		Debug|Any CPU = Debug|Any CPU
		Release|Any CPU = Release|Any CPU
	EndGlobalSection
	GlobalSection(NestedProjects) = preSolution
		{9C2075C4-BAC3-4C34-9483-79A79532C7F9} = {7A3103E2-DF79-4BFA-A764-25804B1BFFFE}
		{D33E25C6-A9D6-4B82-AB01-BDE831574648} = {9C2075C4-BAC3-4C34-9483-79A79532C7F9}
		{DAD238DD-A787-4DB0-B4DE-576E92705ABD} = {FAE861CF-284B-4099-A9BD-75C87ED5303A}
		{89ECFAA6-34E1-4D70-B6CD-A8F5C6321C17} = {7A3103E2-DF79-4BFA-A764-25804B1BFFFE}
		{24AF2A67-440E-4D0D-8DB3-94D883F64D07} = {89ECFAA6-34E1-4D70-B6CD-A8F5C6321C17}
		{53D04F98-5ADB-4692-AA9C-7DAE60DD66D1} = {7A3103E2-DF79-4BFA-A764-25804B1BFFFE}
		{5B1E6DF7-ADAD-4D3C-AAD4-E10A08B1C51E} = {53D04F98-5ADB-4692-AA9C-7DAE60DD66D1}
		{B082BB2A-AAF6-4983-B09C-22FA947B4262} = {7A3103E2-DF79-4BFA-A764-25804B1BFFFE}
		{3C9A4F35-8078-49F0-BC36-B22C2D9B3BE9} = {7A3103E2-DF79-4BFA-A764-25804B1BFFFE}
		{941559C9-B28E-4566-B5A4-39F7B57570F5} = {53D04F98-5ADB-4692-AA9C-7DAE60DD66D1}
		{490CBFE6-9B88-45D5-87A2-E8E39C1E6254} = {B082BB2A-AAF6-4983-B09C-22FA947B4262}
		{8D6CDAD4-80E8-47C0-AFBC-8878E0442D8A} = {7A3103E2-DF79-4BFA-A764-25804B1BFFFE}
		{BB551193-BDF0-424A-B2FC-95C37456D102} = {8D6CDAD4-80E8-47C0-AFBC-8878E0442D8A}
		{1664C3D0-89D7-474A-AC08-0E14D6525501} = {89ECFAA6-34E1-4D70-B6CD-A8F5C6321C17}
		{CF76F3A9-D178-441D-AF42-56A0E0FB9656} = {7A3103E2-DF79-4BFA-A764-25804B1BFFFE}
		{24AF4E8F-90A1-439D-BE12-21F5772DC0F6} = {CF76F3A9-D178-441D-AF42-56A0E0FB9656}
		{CEC0BDA7-E360-424F-B4F9-FABFA1CAB580} = {89ECFAA6-34E1-4D70-B6CD-A8F5C6321C17}
		{D4983369-D418-42C6-9869-7A4BBEF79A73} = {89ECFAA6-34E1-4D70-B6CD-A8F5C6321C17}
		{D4B9781F-FBBE-410D-98FD-3C05E84C9ACB} = {89ECFAA6-34E1-4D70-B6CD-A8F5C6321C17}
		{ECE183FA-AD4E-4D8A-A9A3-427296324D93} = {89ECFAA6-34E1-4D70-B6CD-A8F5C6321C17}
		{9ADD4A25-35A0-432B-AC23-DE63ED4914C2} = {53D04F98-5ADB-4692-AA9C-7DAE60DD66D1}
		{606D3B60-AA85-4A6E-B2A4-5D514E8770D4} = {53D04F98-5ADB-4692-AA9C-7DAE60DD66D1}
		{623BDA34-E9EF-4D5F-99F1-32A5D3C5D0E3} = {53D04F98-5ADB-4692-AA9C-7DAE60DD66D1}
		{E9C92689-5E86-4712-B50D-AD04A8057674} = {53D04F98-5ADB-4692-AA9C-7DAE60DD66D1}
		{EA7EE670-44AC-4C0E-BE5A-A75510377893} = {B082BB2A-AAF6-4983-B09C-22FA947B4262}
		{846CFA53-328E-4699-9866-4B38A39A471C} = {B082BB2A-AAF6-4983-B09C-22FA947B4262}
		{18F07658-D5A7-421B-9639-DE0DD7C35F89} = {8D6CDAD4-80E8-47C0-AFBC-8878E0442D8A}
		{4A27EAD1-F011-4D0C-950E-D786BCD7EF49} = {B082BB2A-AAF6-4983-B09C-22FA947B4262}
		{64922B40-AA69-4968-8DB7-8B206EBF57CE} = {8D6CDAD4-80E8-47C0-AFBC-8878E0442D8A}
	EndGlobalSection
	GlobalSection(ProjectConfigurationPlatforms) = postSolution
		{D33E25C6-A9D6-4B82-AB01-BDE831574648}.Debug|Any CPU.ActiveCfg = Debug|Any CPU
		{D33E25C6-A9D6-4B82-AB01-BDE831574648}.Debug|Any CPU.Build.0 = Debug|Any CPU
		{D33E25C6-A9D6-4B82-AB01-BDE831574648}.Release|Any CPU.ActiveCfg = Release|Any CPU
		{D33E25C6-A9D6-4B82-AB01-BDE831574648}.Release|Any CPU.Build.0 = Release|Any CPU
		{DAD238DD-A787-4DB0-B4DE-576E92705ABD}.Debug|Any CPU.ActiveCfg = Debug|Any CPU
		{DAD238DD-A787-4DB0-B4DE-576E92705ABD}.Debug|Any CPU.Build.0 = Debug|Any CPU
		{DAD238DD-A787-4DB0-B4DE-576E92705ABD}.Release|Any CPU.ActiveCfg = Release|Any CPU
		{DAD238DD-A787-4DB0-B4DE-576E92705ABD}.Release|Any CPU.Build.0 = Release|Any CPU
		{24AF2A67-440E-4D0D-8DB3-94D883F64D07}.Debug|Any CPU.ActiveCfg = Debug|Any CPU
		{24AF2A67-440E-4D0D-8DB3-94D883F64D07}.Debug|Any CPU.Build.0 = Debug|Any CPU
		{24AF2A67-440E-4D0D-8DB3-94D883F64D07}.Release|Any CPU.ActiveCfg = Release|Any CPU
		{24AF2A67-440E-4D0D-8DB3-94D883F64D07}.Release|Any CPU.Build.0 = Release|Any CPU
		{5B1E6DF7-ADAD-4D3C-AAD4-E10A08B1C51E}.Debug|Any CPU.ActiveCfg = Debug|Any CPU
		{5B1E6DF7-ADAD-4D3C-AAD4-E10A08B1C51E}.Debug|Any CPU.Build.0 = Debug|Any CPU
		{5B1E6DF7-ADAD-4D3C-AAD4-E10A08B1C51E}.Release|Any CPU.ActiveCfg = Release|Any CPU
		{5B1E6DF7-ADAD-4D3C-AAD4-E10A08B1C51E}.Release|Any CPU.Build.0 = Release|Any CPU
		{3C9A4F35-8078-49F0-BC36-B22C2D9B3BE9}.Debug|Any CPU.ActiveCfg = Debug|Any CPU
		{3C9A4F35-8078-49F0-BC36-B22C2D9B3BE9}.Debug|Any CPU.Build.0 = Debug|Any CPU
		{3C9A4F35-8078-49F0-BC36-B22C2D9B3BE9}.Release|Any CPU.ActiveCfg = Release|Any CPU
		{3C9A4F35-8078-49F0-BC36-B22C2D9B3BE9}.Release|Any CPU.Build.0 = Release|Any CPU
		{941559C9-B28E-4566-B5A4-39F7B57570F5}.Debug|Any CPU.ActiveCfg = Debug|Any CPU
		{941559C9-B28E-4566-B5A4-39F7B57570F5}.Debug|Any CPU.Build.0 = Debug|Any CPU
		{941559C9-B28E-4566-B5A4-39F7B57570F5}.Release|Any CPU.ActiveCfg = Release|Any CPU
		{941559C9-B28E-4566-B5A4-39F7B57570F5}.Release|Any CPU.Build.0 = Release|Any CPU
		{490CBFE6-9B88-45D5-87A2-E8E39C1E6254}.Debug|Any CPU.ActiveCfg = Debug|Any CPU
		{490CBFE6-9B88-45D5-87A2-E8E39C1E6254}.Debug|Any CPU.Build.0 = Debug|Any CPU
		{490CBFE6-9B88-45D5-87A2-E8E39C1E6254}.Release|Any CPU.ActiveCfg = Release|Any CPU
		{490CBFE6-9B88-45D5-87A2-E8E39C1E6254}.Release|Any CPU.Build.0 = Release|Any CPU
		{BB551193-BDF0-424A-B2FC-95C37456D102}.Debug|Any CPU.ActiveCfg = Debug|Any CPU
		{BB551193-BDF0-424A-B2FC-95C37456D102}.Debug|Any CPU.Build.0 = Debug|Any CPU
		{BB551193-BDF0-424A-B2FC-95C37456D102}.Release|Any CPU.ActiveCfg = Release|Any CPU
		{BB551193-BDF0-424A-B2FC-95C37456D102}.Release|Any CPU.Build.0 = Release|Any CPU
		{1664C3D0-89D7-474A-AC08-0E14D6525501}.Debug|Any CPU.ActiveCfg = Debug|Any CPU
		{1664C3D0-89D7-474A-AC08-0E14D6525501}.Debug|Any CPU.Build.0 = Debug|Any CPU
		{24AF4E8F-90A1-439D-BE12-21F5772DC0F6}.Debug|Any CPU.ActiveCfg = Debug|Any CPU
		{24AF4E8F-90A1-439D-BE12-21F5772DC0F6}.Debug|Any CPU.Build.0 = Debug|Any CPU
		{24AF4E8F-90A1-439D-BE12-21F5772DC0F6}.Release|Any CPU.ActiveCfg = Release|Any CPU
		{24AF4E8F-90A1-439D-BE12-21F5772DC0F6}.Release|Any CPU.Build.0 = Release|Any CPU
		{CEC0BDA7-E360-424F-B4F9-FABFA1CAB580}.Debug|Any CPU.ActiveCfg = Debug|Any CPU
		{CEC0BDA7-E360-424F-B4F9-FABFA1CAB580}.Debug|Any CPU.Build.0 = Debug|Any CPU
		{CEC0BDA7-E360-424F-B4F9-FABFA1CAB580}.Release|Any CPU.ActiveCfg = Release|Any CPU
		{CEC0BDA7-E360-424F-B4F9-FABFA1CAB580}.Release|Any CPU.Build.0 = Release|Any CPU
		{D4983369-D418-42C6-9869-7A4BBEF79A73}.Debug|Any CPU.ActiveCfg = Debug|Any CPU
		{D4983369-D418-42C6-9869-7A4BBEF79A73}.Debug|Any CPU.Build.0 = Debug|Any CPU
		{D4983369-D418-42C6-9869-7A4BBEF79A73}.Release|Any CPU.ActiveCfg = Release|Any CPU
		{D4983369-D418-42C6-9869-7A4BBEF79A73}.Release|Any CPU.Build.0 = Release|Any CPU
		{D4B9781F-FBBE-410D-98FD-3C05E84C9ACB}.Debug|Any CPU.ActiveCfg = Debug|Any CPU
		{D4B9781F-FBBE-410D-98FD-3C05E84C9ACB}.Debug|Any CPU.Build.0 = Debug|Any CPU
		{D4B9781F-FBBE-410D-98FD-3C05E84C9ACB}.Release|Any CPU.ActiveCfg = Release|Any CPU
		{D4B9781F-FBBE-410D-98FD-3C05E84C9ACB}.Release|Any CPU.Build.0 = Release|Any CPU
		{ECE183FA-AD4E-4D8A-A9A3-427296324D93}.Debug|Any CPU.ActiveCfg = Debug|Any CPU
		{ECE183FA-AD4E-4D8A-A9A3-427296324D93}.Debug|Any CPU.Build.0 = Debug|Any CPU
		{ECE183FA-AD4E-4D8A-A9A3-427296324D93}.Release|Any CPU.ActiveCfg = Release|Any CPU
		{ECE183FA-AD4E-4D8A-A9A3-427296324D93}.Release|Any CPU.Build.0 = Release|Any CPU
		{9ADD4A25-35A0-432B-AC23-DE63ED4914C2}.Debug|Any CPU.ActiveCfg = Debug|Any CPU
		{9ADD4A25-35A0-432B-AC23-DE63ED4914C2}.Debug|Any CPU.Build.0 = Debug|Any CPU
		{9ADD4A25-35A0-432B-AC23-DE63ED4914C2}.Release|Any CPU.ActiveCfg = Release|Any CPU
		{9ADD4A25-35A0-432B-AC23-DE63ED4914C2}.Release|Any CPU.Build.0 = Release|Any CPU
		{606D3B60-AA85-4A6E-B2A4-5D514E8770D4}.Debug|Any CPU.ActiveCfg = Debug|Any CPU
		{606D3B60-AA85-4A6E-B2A4-5D514E8770D4}.Debug|Any CPU.Build.0 = Debug|Any CPU
		{606D3B60-AA85-4A6E-B2A4-5D514E8770D4}.Release|Any CPU.ActiveCfg = Release|Any CPU
		{606D3B60-AA85-4A6E-B2A4-5D514E8770D4}.Release|Any CPU.Build.0 = Release|Any CPU
		{623BDA34-E9EF-4D5F-99F1-32A5D3C5D0E3}.Debug|Any CPU.ActiveCfg = Debug|Any CPU
		{623BDA34-E9EF-4D5F-99F1-32A5D3C5D0E3}.Debug|Any CPU.Build.0 = Debug|Any CPU
		{623BDA34-E9EF-4D5F-99F1-32A5D3C5D0E3}.Release|Any CPU.ActiveCfg = Release|Any CPU
		{623BDA34-E9EF-4D5F-99F1-32A5D3C5D0E3}.Release|Any CPU.Build.0 = Release|Any CPU
		{E9C92689-5E86-4712-B50D-AD04A8057674}.Debug|Any CPU.ActiveCfg = Debug|Any CPU
		{E9C92689-5E86-4712-B50D-AD04A8057674}.Debug|Any CPU.Build.0 = Debug|Any CPU
		{E9C92689-5E86-4712-B50D-AD04A8057674}.Release|Any CPU.ActiveCfg = Release|Any CPU
		{E9C92689-5E86-4712-B50D-AD04A8057674}.Release|Any CPU.Build.0 = Release|Any CPU
		{EA7EE670-44AC-4C0E-BE5A-A75510377893}.Debug|Any CPU.ActiveCfg = Debug|Any CPU
		{EA7EE670-44AC-4C0E-BE5A-A75510377893}.Debug|Any CPU.Build.0 = Debug|Any CPU
		{EA7EE670-44AC-4C0E-BE5A-A75510377893}.Release|Any CPU.ActiveCfg = Release|Any CPU
		{EA7EE670-44AC-4C0E-BE5A-A75510377893}.Release|Any CPU.Build.0 = Release|Any CPU
		{846CFA53-328E-4699-9866-4B38A39A471C}.Debug|Any CPU.ActiveCfg = Debug|Any CPU
		{846CFA53-328E-4699-9866-4B38A39A471C}.Debug|Any CPU.Build.0 = Debug|Any CPU
		{846CFA53-328E-4699-9866-4B38A39A471C}.Release|Any CPU.ActiveCfg = Release|Any CPU
		{846CFA53-328E-4699-9866-4B38A39A471C}.Release|Any CPU.Build.0 = Release|Any CPU
		{18F07658-D5A7-421B-9639-DE0DD7C35F89}.Debug|Any CPU.ActiveCfg = Debug|Any CPU
		{18F07658-D5A7-421B-9639-DE0DD7C35F89}.Debug|Any CPU.Build.0 = Debug|Any CPU
		{18F07658-D5A7-421B-9639-DE0DD7C35F89}.Release|Any CPU.ActiveCfg = Release|Any CPU
		{18F07658-D5A7-421B-9639-DE0DD7C35F89}.Release|Any CPU.Build.0 = Release|Any CPU
		{4A27EAD1-F011-4D0C-950E-D786BCD7EF49}.Debug|Any CPU.ActiveCfg = Debug|Any CPU
		{4A27EAD1-F011-4D0C-950E-D786BCD7EF49}.Debug|Any CPU.Build.0 = Debug|Any CPU
		{4A27EAD1-F011-4D0C-950E-D786BCD7EF49}.Release|Any CPU.ActiveCfg = Release|Any CPU
		{4A27EAD1-F011-4D0C-950E-D786BCD7EF49}.Release|Any CPU.Build.0 = Release|Any CPU
		{64922B40-AA69-4968-8DB7-8B206EBF57CE}.Debug|Any CPU.ActiveCfg = Debug|Any CPU
		{64922B40-AA69-4968-8DB7-8B206EBF57CE}.Debug|Any CPU.Build.0 = Debug|Any CPU
		{64922B40-AA69-4968-8DB7-8B206EBF57CE}.Release|Any CPU.ActiveCfg = Release|Any CPU
		{64922B40-AA69-4968-8DB7-8B206EBF57CE}.Release|Any CPU.Build.0 = Release|Any CPU
	EndGlobalSection
EndGlobal
